
Microsoft Visual Studio Solution File, Format Version 12.00
# Visual Studio 15
VisualStudioVersion = 15.0.28010.2019
MinimumVisualStudioVersion = 10.0.40219.1
Project("{FAE04EC0-301F-11D3-BF4B-00C04F79EFBC}") = "LukeSkywalker.IPNetwork", "LukeSkywalker.IPNetwork\LukeSkywalker.IPNetwork.csproj", "{E76938D8-EDEC-4568-B73C-B98C41044423}"
EndProject
Project("{FAE04EC0-301F-11D3-BF4B-00C04F79EFBC}") = "LukeSkywalker.IPNetwork.Test", "LukeSkywalker.IPNetwork.Test\LukeSkywalker.IPNetwork.Test.csproj", "{F17EC671-EE74-419D-AE33-FD9F07221DE0}"
EndProject
Project("{FAE04EC0-301F-11D3-BF4B-00C04F79EFBC}") = "ConsoleApp1", "ConsoleApp1\ConsoleApp1.csproj", "{82F107BE-B053-41ED-B3C2-5BFEEAA83904}"
EndProject
Project("{FAE04EC0-301F-11D3-BF4B-00C04F79EFBC}") = "ConsoleApp2", "ConsoleApp2\ConsoleApp2.csproj", "{82CBE593-80D3-43F0-83EA-EC2A105BE255}"
EndProject
Global
	GlobalSection(SolutionConfigurationPlatforms) = preSolution
		Debug|Any CPU = Debug|Any CPU
		Release|Any CPU = Release|Any CPU
	EndGlobalSection
	GlobalSection(ProjectConfigurationPlatforms) = postSolution
		{E76938D8-EDEC-4568-B73C-B98C41044423}.Debug|Any CPU.ActiveCfg = Debug|Any CPU
		{E76938D8-EDEC-4568-B73C-B98C41044423}.Debug|Any CPU.Build.0 = Debug|Any CPU
		{E76938D8-EDEC-4568-B73C-B98C41044423}.Release|Any CPU.ActiveCfg = Release|Any CPU
		{E76938D8-EDEC-4568-B73C-B98C41044423}.Release|Any CPU.Build.0 = Release|Any CPU
		{F17EC671-EE74-419D-AE33-FD9F07221DE0}.Debug|Any CPU.ActiveCfg = Debug|Any CPU
		{F17EC671-EE74-419D-AE33-FD9F07221DE0}.Debug|Any CPU.Build.0 = Debug|Any CPU
		{F17EC671-EE74-419D-AE33-FD9F07221DE0}.Release|Any CPU.ActiveCfg = Release|Any CPU
		{F17EC671-EE74-419D-AE33-FD9F07221DE0}.Release|Any CPU.Build.0 = Release|Any CPU
		{82F107BE-B053-41ED-B3C2-5BFEEAA83904}.Debug|Any CPU.ActiveCfg = Debug|Any CPU
		{82F107BE-B053-41ED-B3C2-5BFEEAA83904}.Debug|Any CPU.Build.0 = Debug|Any CPU
		{82F107BE-B053-41ED-B3C2-5BFEEAA83904}.Release|Any CPU.ActiveCfg = Release|Any CPU
		{82F107BE-B053-41ED-B3C2-5BFEEAA83904}.Release|Any CPU.Build.0 = Release|Any CPU
		{82CBE593-80D3-43F0-83EA-EC2A105BE255}.Debug|Any CPU.ActiveCfg = Debug|Any CPU
		{82CBE593-80D3-43F0-83EA-EC2A105BE255}.Debug|Any CPU.Build.0 = Debug|Any CPU
		{82CBE593-80D3-43F0-83EA-EC2A105BE255}.Release|Any CPU.ActiveCfg = Release|Any CPU
		{82CBE593-80D3-43F0-83EA-EC2A105BE255}.Release|Any CPU.Build.0 = Release|Any CPU
	EndGlobalSection
	GlobalSection(SolutionProperties) = preSolution
		HideSolutionNode = FALSE
	EndGlobalSection
	GlobalSection(ExtensibilityGlobals) = postSolution
		SolutionGuid = {EF6C6806-61D1-4D66-A38D-11FE4E09F9C4}
	EndGlobalSection
EndGlobal
